
Microsoft Visual Studio Solution File, Format Version 12.00
Project("{FAE04EC0-301F-11D3-BF4B-00C04F79EFBC}") = "BankingSolution", "BankingSolution\BankingSolution.csproj", "{01B02128-BDCD-4078-BCB5-F6B4F78FFD92}"
EndProject
Project("{FAE04EC0-301F-11D3-BF4B-00C04F79EFBC}") = "BankingSolution.Application", "BankingSolution.Application\BankingSolution.Application.csproj", "{6AA55166-09AB-4A2C-AF58-1C2EEF252D0D}"
EndProject
Project("{FAE04EC0-301F-11D3-BF4B-00C04F79EFBC}") = "BankingSolution.Domain", "BankingSolution.Domain\BankingSolution.Domain.csproj", "{09FDB84C-4CE8-417F-B458-41EBE59CD675}"
EndProject
Project("{FAE04EC0-301F-11D3-BF4B-00C04F79EFBC}") = "BankingSolution.Infrastructure", "BankingSolution.Infrastructure\BankingSolution.Infrastructure.csproj", "{858EDA6A-6858-4F82-8AAA-2895B5949DB0}"
EndProject
Project("{FAE04EC0-301F-11D3-BF4B-00C04F79EFBC}") = "BankingSolution.Tests", "BankingSolution.Tests\BankingSolution.Tests.csproj", "{BFD0EEC9-9B4B-45D1-99A3-2F63BDC2A7BE}"
EndProject
Global
	GlobalSection(SolutionConfigurationPlatforms) = preSolution
		Debug|Any CPU = Debug|Any CPU
		Release|Any CPU = Release|Any CPU
	EndGlobalSection
	GlobalSection(ProjectConfigurationPlatforms) = postSolution
		{01B02128-BDCD-4078-BCB5-F6B4F78FFD92}.Debug|Any CPU.ActiveCfg = Debug|Any CPU
		{01B02128-BDCD-4078-BCB5-F6B4F78FFD92}.Debug|Any CPU.Build.0 = Debug|Any CPU
		{01B02128-BDCD-4078-BCB5-F6B4F78FFD92}.Release|Any CPU.ActiveCfg = Release|Any CPU
		{01B02128-BDCD-4078-BCB5-F6B4F78FFD92}.Release|Any CPU.Build.0 = Release|Any CPU
		{6AA55166-09AB-4A2C-AF58-1C2EEF252D0D}.Debug|Any CPU.ActiveCfg = Debug|Any CPU
		{6AA55166-09AB-4A2C-AF58-1C2EEF252D0D}.Debug|Any CPU.Build.0 = Debug|Any CPU
		{6AA55166-09AB-4A2C-AF58-1C2EEF252D0D}.Release|Any CPU.ActiveCfg = Release|Any CPU
		{6AA55166-09AB-4A2C-AF58-1C2EEF252D0D}.Release|Any CPU.Build.0 = Release|Any CPU
		{09FDB84C-4CE8-417F-B458-41EBE59CD675}.Debug|Any CPU.ActiveCfg = Debug|Any CPU
		{09FDB84C-4CE8-417F-B458-41EBE59CD675}.Debug|Any CPU.Build.0 = Debug|Any CPU
		{09FDB84C-4CE8-417F-B458-41EBE59CD675}.Release|Any CPU.ActiveCfg = Release|Any CPU
		{09FDB84C-4CE8-417F-B458-41EBE59CD675}.Release|Any CPU.Build.0 = Release|Any CPU
		{858EDA6A-6858-4F82-8AAA-2895B5949DB0}.Debug|Any CPU.ActiveCfg = Debug|Any CPU
		{858EDA6A-6858-4F82-8AAA-2895B5949DB0}.Debug|Any CPU.Build.0 = Debug|Any CPU
		{858EDA6A-6858-4F82-8AAA-2895B5949DB0}.Release|Any CPU.ActiveCfg = Release|Any CPU
		{858EDA6A-6858-4F82-8AAA-2895B5949DB0}.Release|Any CPU.Build.0 = Release|Any CPU
		{BFD0EEC9-9B4B-45D1-99A3-2F63BDC2A7BE}.Debug|Any CPU.ActiveCfg = Debug|Any CPU
		{BFD0EEC9-9B4B-45D1-99A3-2F63BDC2A7BE}.Debug|Any CPU.Build.0 = Debug|Any CPU
		{BFD0EEC9-9B4B-45D1-99A3-2F63BDC2A7BE}.Release|Any CPU.ActiveCfg = Release|Any CPU
		{BFD0EEC9-9B4B-45D1-99A3-2F63BDC2A7BE}.Release|Any CPU.Build.0 = Release|Any CPU
	EndGlobalSection
EndGlobal
